{
	"name": "pi-nullius",
	"version": "0.1.0",
	"lockfileVersion": 3,
	"requires": true,
	"packages": {
		"": {
			"name": "pi-nullius",
			"version": "0.1.0",
			"license": "MIT",
			"dependencies": {
				"tree-sitter-wasms": "^0.1.13",
				"web-tree-sitter": "^0.24.7"
			}
		},
		"node_modules/tree-sitter-wasms": {
			"version": "0.1.13",
			"resolved": "https://registry.npmjs.org/tree-sitter-wasms/-/tree-sitter-wasms-0.1.13.tgz",
			"integrity": "sha512-wT+cR6DwaIz80/vho3AvSF0N4txuNx/5bcRKoXouOfClpxh/qqrF4URNLQXbbt8MaAxeksZcZd1j8gcGjc+QxQ==",
			"license": "Unlicense",
			"dependencies": {
				"tree-sitter-wasms": "^0.1.11"
			}
		},
		"node_modules/web-tree-sitter": {
			"version": "0.24.7",
			"resolved": "https://registry.npmjs.org/web-tree-sitter/-/web-tree-sitter-0.24.7.tgz",
			"integrity": "sha512-CdC/TqVFbXqR+C51v38hv6wOPatKEUGxa39scAeFSm98wIhZxAYonhRQPSMmfZ2w7JDI0zQDdzdmgtNk06/krQ==",
			"license": "MIT"
		}
	}
}
